
Microsoft Visual Studio Solution File, Format Version 12.00
# Visual Studio Version 16
VisualStudioVersion = 16.0.30804.86
MinimumVisualStudioVersion = 10.0.40219.1
Project("{FAE04EC0-301F-11D3-BF4B-00C04F79EFBC}") = "Core", "Core\Core.csproj", "{FA4F1109-2263-4DAA-89C5-EEF070393349}"
EndProject
Global
	GlobalSection(SolutionConfigurationPlatforms) = preSolution
		Debug|Any CPU = Debug|Any CPU
		Release|Any CPU = Release|Any CPU
	EndGlobalSection
	GlobalSection(ProjectConfigurationPlatforms) = postSolution
		{FA4F1109-2263-4DAA-89C5-EEF070393349}.Debug|Any CPU.ActiveCfg = Debug|Any CPU
		{FA4F1109-2263-4DAA-89C5-EEF070393349}.Debug|Any CPU.Build.0 = Debug|Any CPU
		{FA4F1109-2263-4DAA-89C5-EEF070393349}.Release|Any CPU.ActiveCfg = Release|Any CPU
		{FA4F1109-2263-4DAA-89C5-EEF070393349}.Release|Any CPU.Build.0 = Release|Any CPU
	EndGlobalSection
	GlobalSection(SolutionProperties) = preSolution
		HideSolutionNode = FALSE
	EndGlobalSection
	GlobalSection(ExtensibilityGlobals) = postSolution
		SolutionGuid = {BAF6B71A-F81D-4299-BE63-8A23B37BAD88}
	EndGlobalSection
EndGlobal
