
Microsoft Visual Studio Solution File, Format Version 12.00
# Visual Studio Version 16
VisualStudioVersion = 16.0.30804.86
MinimumVisualStudioVersion = 10.0.40219.1
Project("{9A19103F-16F7-4668-BE54-9A1E7A4F7556}") = "Core", "Core\Core.csproj", "{FA4F1109-2263-4DAA-89C5-EEF070393349}"
EndProject
Project("{2150E333-8FDC-42A3-9474-1A3956D46DE8}") = "submodules", "submodules", "{9D6997A2-8209-43F7-BBEA-58D553424102}"
	ProjectSection(SolutionItems) = preProject
		Outlet-Lang\Outlet.StandardLib\Outlet.StandardLib.csproj = Outlet-Lang\Outlet.StandardLib\Outlet.StandardLib.csproj
	EndProjectSection
EndProject
Project("{9A19103F-16F7-4668-BE54-9A1E7A4F7556}") = "Outlet", "Outlet-Lang\Outlet\Outlet.csproj", "{FC2413FA-0714-4971-B9E1-A855ACCBAC1E}"
EndProject
Project("{9A19103F-16F7-4668-BE54-9A1E7A4F7556}") = "Outlet.ForeignFunctions", "Outlet-Lang\Outlet.ForeignFunctions\Outlet.ForeignFunctions.csproj", "{FE69AAD9-CFBF-439D-A88E-497C663A2A24}"
EndProject
Global
	GlobalSection(SolutionConfigurationPlatforms) = preSolution
		Debug|Any CPU = Debug|Any CPU
		Release|Any CPU = Release|Any CPU
	EndGlobalSection
	GlobalSection(ProjectConfigurationPlatforms) = postSolution
		{FA4F1109-2263-4DAA-89C5-EEF070393349}.Debug|Any CPU.ActiveCfg = Debug|Any CPU
		{FA4F1109-2263-4DAA-89C5-EEF070393349}.Debug|Any CPU.Build.0 = Debug|Any CPU
		{FA4F1109-2263-4DAA-89C5-EEF070393349}.Release|Any CPU.ActiveCfg = Release|Any CPU
		{FA4F1109-2263-4DAA-89C5-EEF070393349}.Release|Any CPU.Build.0 = Release|Any CPU
		{FC2413FA-0714-4971-B9E1-A855ACCBAC1E}.Debug|Any CPU.ActiveCfg = Debug|Any CPU
		{FC2413FA-0714-4971-B9E1-A855ACCBAC1E}.Debug|Any CPU.Build.0 = Debug|Any CPU
		{FC2413FA-0714-4971-B9E1-A855ACCBAC1E}.Release|Any CPU.ActiveCfg = Release|Any CPU
		{FC2413FA-0714-4971-B9E1-A855ACCBAC1E}.Release|Any CPU.Build.0 = Release|Any CPU
		{FE69AAD9-CFBF-439D-A88E-497C663A2A24}.Debug|Any CPU.ActiveCfg = Debug|Any CPU
		{FE69AAD9-CFBF-439D-A88E-497C663A2A24}.Debug|Any CPU.Build.0 = Debug|Any CPU
		{FE69AAD9-CFBF-439D-A88E-497C663A2A24}.Release|Any CPU.ActiveCfg = Release|Any CPU
		{FE69AAD9-CFBF-439D-A88E-497C663A2A24}.Release|Any CPU.Build.0 = Release|Any CPU
	EndGlobalSection
	GlobalSection(SolutionProperties) = preSolution
		HideSolutionNode = FALSE
	EndGlobalSection
	GlobalSection(NestedProjects) = preSolution
		{FC2413FA-0714-4971-B9E1-A855ACCBAC1E} = {9D6997A2-8209-43F7-BBEA-58D553424102}
		{FE69AAD9-CFBF-439D-A88E-497C663A2A24} = {9D6997A2-8209-43F7-BBEA-58D553424102}
	EndGlobalSection
	GlobalSection(ExtensibilityGlobals) = postSolution
		SolutionGuid = {BAF6B71A-F81D-4299-BE63-8A23B37BAD88}
	EndGlobalSection
EndGlobal
